
Microsoft Visual Studio Solution File, Format Version 12.00
# Visual Studio Version 17
VisualStudioVersion = 17.5.33414.496
MinimumVisualStudioVersion = 10.0.40219.1
Project("{9A19103F-16F7-4668-BE54-9A1E7A4F7556}") = "DataAccess", "DataAccess\DataAccess.csproj", "{7ADFB806-5518-4494-90F1-64E02C193B30}"
EndProject
Project("{9A19103F-16F7-4668-BE54-9A1E7A4F7556}") = "Business", "Business\Business.csproj", "{B0F28FA7-9D49-4F2B-B8BA-58B10D62BD66}"
EndProject
Project("{9A19103F-16F7-4668-BE54-9A1E7A4F7556}") = "Entities", "Entities\Entities.csproj", "{5A3C2625-371A-4EE3-AC53-CB4FB1B53344}"
EndProject
Project("{9A19103F-16F7-4668-BE54-9A1E7A4F7556}") = "ConsoleUI", "ConsoleUI\ConsoleUI.csproj", "{530EF7F7-0A9C-4190-B7A5-4D985B326D9F}"
EndProject
Project("{FAE04EC0-301F-11D3-BF4B-00C04F79EFBC}") = "Core", "Core\Core.csproj", "{F16DD126-A3D6-414D-A91B-0A6357816D96}"
EndProject
Global
	GlobalSection(SolutionConfigurationPlatforms) = preSolution
		Debug|Any CPU = Debug|Any CPU
		Release|Any CPU = Release|Any CPU
	EndGlobalSection
	GlobalSection(ProjectConfigurationPlatforms) = postSolution
		{7ADFB806-5518-4494-90F1-64E02C193B30}.Debug|Any CPU.ActiveCfg = Debug|Any CPU
		{7ADFB806-5518-4494-90F1-64E02C193B30}.Debug|Any CPU.Build.0 = Debug|Any CPU
		{7ADFB806-5518-4494-90F1-64E02C193B30}.Release|Any CPU.ActiveCfg = Release|Any CPU
		{7ADFB806-5518-4494-90F1-64E02C193B30}.Release|Any CPU.Build.0 = Release|Any CPU
		{B0F28FA7-9D49-4F2B-B8BA-58B10D62BD66}.Debug|Any CPU.ActiveCfg = Debug|Any CPU
		{B0F28FA7-9D49-4F2B-B8BA-58B10D62BD66}.Debug|Any CPU.Build.0 = Debug|Any CPU
		{B0F28FA7-9D49-4F2B-B8BA-58B10D62BD66}.Release|Any CPU.ActiveCfg = Release|Any CPU
		{B0F28FA7-9D49-4F2B-B8BA-58B10D62BD66}.Release|Any CPU.Build.0 = Release|Any CPU
		{5A3C2625-371A-4EE3-AC53-CB4FB1B53344}.Debug|Any CPU.ActiveCfg = Debug|Any CPU
		{5A3C2625-371A-4EE3-AC53-CB4FB1B53344}.Debug|Any CPU.Build.0 = Debug|Any CPU
		{5A3C2625-371A-4EE3-AC53-CB4FB1B53344}.Release|Any CPU.ActiveCfg = Release|Any CPU
		{5A3C2625-371A-4EE3-AC53-CB4FB1B53344}.Release|Any CPU.Build.0 = Release|Any CPU
		{530EF7F7-0A9C-4190-B7A5-4D985B326D9F}.Debug|Any CPU.ActiveCfg = Debug|Any CPU
		{530EF7F7-0A9C-4190-B7A5-4D985B326D9F}.Debug|Any CPU.Build.0 = Debug|Any CPU
		{530EF7F7-0A9C-4190-B7A5-4D985B326D9F}.Release|Any CPU.ActiveCfg = Release|Any CPU
		{530EF7F7-0A9C-4190-B7A5-4D985B326D9F}.Release|Any CPU.Build.0 = Release|Any CPU
		{F16DD126-A3D6-414D-A91B-0A6357816D96}.Debug|Any CPU.ActiveCfg = Debug|Any CPU
		{F16DD126-A3D6-414D-A91B-0A6357816D96}.Debug|Any CPU.Build.0 = Debug|Any CPU
		{F16DD126-A3D6-414D-A91B-0A6357816D96}.Release|Any CPU.ActiveCfg = Release|Any CPU
		{F16DD126-A3D6-414D-A91B-0A6357816D96}.Release|Any CPU.Build.0 = Release|Any CPU
	EndGlobalSection
	GlobalSection(SolutionProperties) = preSolution
		HideSolutionNode = FALSE
	EndGlobalSection
	GlobalSection(ExtensibilityGlobals) = postSolution
		SolutionGuid = {05AC6446-D756-417D-974F-035DF2717573}
	EndGlobalSection
EndGlobal
